
Microsoft Visual Studio Solution File, Format Version 12.00
# Visual Studio Version 17
VisualStudioVersion = 17.9.34714.143
MinimumVisualStudioVersion = 10.0.40219.1
Project("{9A19103F-16F7-4668-BE54-9A1E7A4F7556}") = "BookinV2API", "BookinV2API\BookinV2API.csproj", "{107C2823-1622-439D-888B-7BF2D39D8633}"
EndProject
Project("{2150E333-8FDC-42A3-9474-1A3956D46DE8}") = "Solution Items", "Solution Items", "{0A054CE3-7F7B-49D9-8504-EE43B4117AED}"
	ProjectSection(SolutionItems) = preProject
		.editorconfig = .editorconfig
	EndProjectSection
EndProject
Global
	GlobalSection(SolutionConfigurationPlatforms) = preSolution
		Debug|Any CPU = Debug|Any CPU
		Release|Any CPU = Release|Any CPU
	EndGlobalSection
	GlobalSection(ProjectConfigurationPlatforms) = postSolution
		{107C2823-1622-439D-888B-7BF2D39D8633}.Debug|Any CPU.ActiveCfg = Debug|Any CPU
		{107C2823-1622-439D-888B-7BF2D39D8633}.Debug|Any CPU.Build.0 = Debug|Any CPU
		{107C2823-1622-439D-888B-7BF2D39D8633}.Release|Any CPU.ActiveCfg = Release|Any CPU
		{107C2823-1622-439D-888B-7BF2D39D8633}.Release|Any CPU.Build.0 = Release|Any CPU
	EndGlobalSection
	GlobalSection(SolutionProperties) = preSolution
		HideSolutionNode = FALSE
	EndGlobalSection
	GlobalSection(ExtensibilityGlobals) = postSolution
		SolutionGuid = {4AFEE6C3-F8CA-4413-9113-D105A5B1F910}
	EndGlobalSection
EndGlobal
